// !$*UTF8*$!
{
	archiveVersion = 1;
	classes = {
	};
	objectVersion = 46;
	objects = {

/* Begin PBXBuildFile section */
		9226AF3419D4EF460056C5BA /* AppDelegate.swift in Sources */ = {isa = PBXBuildFile; fileRef = 9226AF3319D4EF460056C5BA /* AppDelegate.swift */; };
		9226AF3619D4EF460056C5BA /* ViewController.swift in Sources */ = {isa = PBXBuildFile; fileRef = 9226AF3519D4EF460056C5BA /* ViewController.swift */; };
		9226AF3919D4EF460056C5BA /* Main.storyboard in Resources */ = {isa = PBXBuildFile; fileRef = 9226AF3719D4EF460056C5BA /* Main.storyboard */; };
		9226AF3B19D4EF460056C5BA /* Images.xcassets in Resources */ = {isa = PBXBuildFile; fileRef = 9226AF3A19D4EF460056C5BA /* Images.xcassets */; };
		9226AF3E19D4EF460056C5BA /* LaunchScreen.xib in Resources */ = {isa = PBXBuildFile; fileRef = 9226AF3C19D4EF460056C5BA /* LaunchScreen.xib */; };
		9226AF4A19D4EF460056C5BA /* PostcardTests.swift in Sources */ = {isa = PBXBuildFile; fileRef = 9226AF4919D4EF460056C5BA /* PostcardTests.swift */; };
		9226AF5419D61D1A0056C5BA /* Screen Shot 2014-05-24 at 10.00.06 PM.png in Resources */ = {isa = PBXBuildFile; fileRef = 9226AF5319D61D1A0056C5BA /* Screen Shot 2014-05-24 at 10.00.06 PM.png */; };
/* End PBXBuildFile section */

/* Begin PBXContainerItemProxy section */
		9226AF4419D4EF460056C5BA /* PBXContainerItemProxy */ = {
			isa = PBXContainerItemProxy;
			containerPortal = 9226AF2619D4EF460056C5BA /* Project object */;
			proxyType = 1;
			remoteGlobalIDString = 9226AF2D19D4EF460056C5BA;
			remoteInfo = Postcard;
		};
/* End PBXContainerItemProxy section */

/* Begin PBXFileReference section */
		9226AF2E19D4EF460056C5BA /* Postcard.app */ = {isa = PBXFileReference; explicitFileType = wrapper.application; includeInIndex = 0; path = Postcard.app; sourceTree = BUILT_PRODUCTS_DIR; };
		9226AF3219D4EF460056C5BA /* Info.plist */ = {isa = PBXFileReference; lastKnownFileType = text.plist.xml; path = Info.plist; sourceTree = "<group>"; };
		9226AF3319D4EF460056C5BA /* AppDelegate.swift */ = {isa = PBXFileReference; lastKnownFileType = sourcecode.swift; path = AppDelegate.swift; sourceTree = "<group>"; };
		9226AF3519D4EF460056C5BA /* ViewController.swift */ = {isa = PBXFileReference; lastKnownFileType = sourcecode.swift; path = ViewController.swift; sourceTree = "<group>"; };
		9226AF3819D4EF460056C5BA /* Base */ = {isa = PBXFileReference; lastKnownFileType = file.storyboard; name = Base; path = Base.lproj/Main.storyboard; sourceTree = "<group>"; };
		9226AF3A19D4EF460056C5BA /* Images.xcassets */ = {isa = PBXFileReference; lastKnownFileType = folder.assetcatalog; path = Images.xcassets; sourceTree = "<group>"; };
		9226AF3D19D4EF460056C5BA /* Base */ = {isa = PBXFileReference; lastKnownFileType = file.xib; name = Base; path = Base.lproj/LaunchScreen.xib; sourceTree = "<group>"; };
		9226AF4319D4EF460056C5BA /* PostcardTests.xctest */ = {isa = PBXFileReference; explicitFileType = wrapper.cfbundle; includeInIndex = 0; path = PostcardTests.xctest; sourceTree = BUILT_PRODUCTS_DIR; };
		9226AF4819D4EF460056C5BA /* Info.plist */ = {isa = PBXFileReference; lastKnownFileType = text.plist.xml; path = Info.plist; sourceTree = "<group>"; };
		9226AF4919D4EF460056C5BA /* PostcardTests.swift */ = {isa = PBXFileReference; lastKnownFileType = sourcecode.swift; path = PostcardTests.swift; sourceTree = "<group>"; };
		9226AF5319D61D1A0056C5BA /* Screen Shot 2014-05-24 at 10.00.06 PM.png */ = {isa = PBXFileReference; lastKnownFileType = image.png; path = "Screen Shot 2014-05-24 at 10.00.06 PM.png"; sourceTree = "<group>"; };
/* End PBXFileReference section */

/* Begin PBXFrameworksBuildPhase section */
		9226AF2B19D4EF460056C5BA /* Frameworks */ = {
			isa = PBXFrameworksBuildPhase;
			buildActionMask = 2147483647;
			files = (
			);
			runOnlyForDeploymentPostprocessing = 0;
		};
		9226AF4019D4EF460056C5BA /* Frameworks */ = {
			isa = PBXFrameworksBuildPhase;
			buildActionMask = 2147483647;
			files = (
			);
			runOnlyForDeploymentPostprocessing = 0;
		};
/* End PBXFrameworksBuildPhase section */

/* Begin PBXGroup section */
		9226AF2519D4EF460056C5BA = {
			isa = PBXGroup;
			children = (
				9226AF3019D4EF460056C5BA /* Postcard */,
				9226AF4619D4EF460056C5BA /* PostcardTests */,
				9226AF2F19D4EF460056C5BA /* Products */,
			);
			sourceTree = "<group>";
		};
		9226AF2F19D4EF460056C5BA /* Products */ = {
			isa = PBXGroup;
			children = (
				9226AF2E19D4EF460056C5BA /* Postcard.app */,
				9226AF4319D4EF460056C5BA /* PostcardTests.xctest */,
			);
			name = Products;
			sourceTree = "<group>";
		};
		9226AF3019D4EF460056C5BA /* Postcard */ = {
			isa = PBXGroup;
			children = (
				9226AF3319D4EF460056C5BA /* AppDelegate.swift */,
				9226AF3519D4EF460056C5BA /* ViewController.swift */,
				9226AF3719D4EF460056C5BA /* Main.storyboard */,
				9226AF3A19D4EF460056C5BA /* Images.xcassets */,
				9226AF5319D61D1A0056C5BA /* Screen Shot 2014-05-24 at 10.00.06 PM.png */,
				9226AF3C19D4EF460056C5BA /* LaunchScreen.xib */,
				9226AF3119D4EF460056C5BA /* Supporting Files */,
			);
			path = Postcard;
			sourceTree = "<group>";
		};
		9226AF3119D4EF460056C5BA /* Supporting Files */ = {
			isa = PBXGroup;
			children = (
				9226AF3219D4EF460056C5BA /* Info.plist */,
			);
			name = "Supporting Files";
			sourceTree = "<group>";
		};
		9226AF4619D4EF460056C5BA /* PostcardTests */ = {
			isa = PBXGroup;
			children = (
				9226AF4919D4EF460056C5BA /* PostcardTests.swift */,
				9226AF4719D4EF460056C5BA /* Supporting Files */,
			);
			path = PostcardTests;
			sourceTree = "<group>";
		};
		9226AF4719D4EF460056C5BA /* Supporting Files */ = {
			isa = PBXGroup;
			children = (
				9226AF4819D4EF460056C5BA /* Info.plist */,
			);
			name = "Supporting Files";
			sourceTree = "<group>";
		};
/* End PBXGroup section */

/* Begin PBXNativeTarget section */
		9226AF2D19D4EF460056C5BA /* Postcard */ = {
			isa = PBXNativeTarget;
			buildConfigurationList = 9226AF4D19D4EF460056C5BA /* Build configuration list for PBXNativeTarget "Postcard" */;
			buildPhases = (
				9226AF2A19D4EF460056C5BA /* Sources */,
				9226AF2B19D4EF460056C5BA /* Frameworks */,
				9226AF2C19D4EF460056C5BA /* Resources */,
			);
			buildRules = (
			);
			dependencies = (
			);
			name = Postcard;
			productName = Postcard;
			productReference = 9226AF2E19D4EF460056C5BA /* Postcard.app */;
			productType = "com.apple.product-type.application";
		};
		9226AF4219D4EF460056C5BA /* PostcardTests */ = {
			isa = PBXNativeTarget;
			buildConfigurationList = 9226AF5019D4EF460056C5BA /* Build configuration list for PBXNativeTarget "PostcardTests" */;
			buildPhases = (
				9226AF3F19D4EF460056C5BA /* Sources */,
				9226AF4019D4EF460056C5BA /* Frameworks */,
				9226AF4119D4EF460056C5BA /* Resources */,
			);
			buildRules = (
			);
			dependencies = (
				9226AF4519D4EF460056C5BA /* PBXTargetDependency */,
			);
			name = PostcardTests;
			productName = PostcardTests;
			productReference = 9226AF4319D4EF460056C5BA /* PostcardTests.xctest */;
			productType = "com.apple.product-type.bundle.unit-test";
		};
/* End PBXNativeTarget section */

/* Begin PBXProject section */
		9226AF2619D4EF460056C5BA /* Project object */ = {
			isa = PBXProject;
			attributes = {
				LastUpgradeCheck = 0610;
				ORGANIZATIONNAME = "Zachary Peffer";
				TargetAttributes = {
					9226AF2D19D4EF460056C5BA = {
						CreatedOnToolsVersion = 6.1;
						DevelopmentTeam = TZQ8KTRK4S;
					};
					9226AF4219D4EF460056C5BA = {
						CreatedOnToolsVersion = 6.1;
						TestTargetID = 9226AF2D19D4EF460056C5BA;
					};
				};
			};
			buildConfigurationList = 9226AF2919D4EF460056C5BA /* Build configuration list for PBXProject "Postcard" */;
			compatibilityVersion = "Xcode 3.2";
			developmentRegion = English;
			hasScannedForEncodings = 0;
			knownRegions = (
				en,
				Base,
			);
			mainGroup = 9226AF2519D4EF460056C5BA;
			productRefGroup = 9226AF2F19D4EF460056C5BA /* Products */;
			projectDirPath = "";
			projectRoot = "";
			targets = (
				9226AF2D19D4EF460056C5BA /* Postcard */,
				9226AF4219D4EF460056C5BA /* PostcardTests */,
			);
		};
/* End PBXProject section */

/* Begin PBXResourcesBuildPhase section */
		9226AF2C19D4EF460056C5BA /* Resources */ = {
			isa = PBXResourcesBuildPhase;
			buildActionMask = 2147483647;
			files = (
				9226AF3919D4EF460056C5BA /* Main.storyboard in Resources */,
				9226AF3E19D4EF460056C5BA /* LaunchScreen.xib in Resources */,
				9226AF3B19D4EF460056C5BA /* Images.xcassets in Resources */,
				9226AF5419D61D1A0056C5BA /* Screen Shot 2014-05-24 at 10.00.06 PM.png in Resources */,
			);
			runOnlyForDeploymentPostprocessing = 0;
		};
		9226AF4119D4EF460056C5BA /* Resources */ = {
			isa = PBXResourcesBuildPhase;
			buildActionMask = 2147483647;
			files = (
			);
			runOnlyForDeploymentPostprocessing = 0;
		};
/* End PBXResourcesBuildPhase section */

/* Begin PBXSourcesBuildPhase section */
		9226AF2A19D4EF460056C5BA /* Sources */ = {
			isa = PBXSourcesBuildPhase;
			buildActionMask = 2147483647;
			files = (
				9226AF3619D4EF460056C5BA /* ViewController.swift in Sources */,
				9226AF3419D4EF460056C5BA /* AppDelegate.swift in Sources */,
			);
			runOnlyForDeploymentPostprocessing = 0;
		};
		9226AF3F19D4EF460056C5BA /* Sources */ = {
			isa = PBXSourcesBuildPhase;
			buildActionMask = 2147483647;
			files = (
				9226AF4A19D4EF460056C5BA /* PostcardTests.swift in Sources */,
			);
			runOnlyForDeploymentPostprocessing = 0;
		};
/* End PBXSourcesBuildPhase section */

/* Begin PBXTargetDependency section */
		9226AF4519D4EF460056C5BA /* PBXTargetDependency */ = {
			isa = PBXTargetDependency;
			target = 9226AF2D19D4EF460056C5BA /* Postcard */;
			targetProxy = 9226AF4419D4EF460056C5BA /* PBXContainerItemProxy */;
		};
/* End PBXTargetDependency section */

/* Begin PBXVariantGroup section */
		9226AF3719D4EF460056C5BA /* Main.storyboard */ = {
			isa = PBXVariantGroup;
			children = (
				9226AF3819D4EF460056C5BA /* Base */,
			);
			name = Main.storyboard;
			sourceTree = "<group>";
		};
		9226AF3C19D4EF460056C5BA /* LaunchScreen.xib */ = {
			isa = PBXVariantGroup;
			children = (
				9226AF3D19D4EF460056C5BA /* Base */,
			);
			name = LaunchScreen.xib;
			sourceTree = "<group>";
		};
/* End PBXVariantGroup section */

/* Begin XCBuildConfiguration section */
		9226AF4B19D4EF460056C5BA /* Debug */ = {
			isa = XCBuildConfiguration;
			buildSettings = {
				ALWAYS_SEARCH_USER_PATHS = NO;
				CLANG_CXX_LANGUAGE_STANDARD = "gnu++0x";
				CLANG_CXX_LIBRARY = "libc++";
				CLANG_ENABLE_MODULES = YES;
				CLANG_ENABLE_OBJC_ARC = YES;
				CLANG_WARN_BOOL_CONVERSION = YES;
				CLANG_WARN_CONSTANT_CONVERSION = YES;
				CLANG_WARN_DIRECT_OBJC_ISA_USAGE = YES_ERROR;
				CLANG_WARN_EMPTY_BODY = YES;
				CLANG_WARN_ENUM_CONVERSION = YES;
				CLANG_WARN_INT_CONVERSION = YES;
				CLANG_WARN_OBJC_ROOT_CLASS = YES_ERROR;
				CLANG_WARN_UNREACHABLE_CODE = YES;
				CLANG_WARN__DUPLICATE_METHOD_MATCH = YES;
				"CODE_SIGN_IDENTITY[sdk=iphoneos*]" = "iPhone Developer";
				COPY_PHASE_STRIP = NO;
				ENABLE_STRICT_OBJC_MSGSEND = YES;
				GCC_C_LANGUAGE_STANDARD = gnu99;
				GCC_DYNAMIC_NO_PIC = NO;
				GCC_OPTIMIZATION_LEVEL = 0;
				GCC_PREPROCESSOR_DEFINITIONS = (
					"DEBUG=1",
					"$(inherited)",
				);
				GCC_SYMBOLS_PRIVATE_EXTERN = NO;
				GCC_WARN_64_TO_32_BIT_CONVERSION = YES;
				GCC_WARN_ABOUT_RETURN_TYPE = YES_ERROR;
				GCC_WARN_UNDECLARED_SELECTOR = YES;
				GCC_WARN_UNINITIALIZED_AUTOS = YES_AGGRESSIVE;
				GCC_WARN_UNUSED_FUNCTION = YES;
				GCC_WARN_UNUSED_VARIABLE = YES;
				IPHONEOS_DEPLOYMENT_TARGET = 8.0;
				MTL_ENABLE_DEBUG_INFO = YES;
				ONLY_ACTIVE_ARCH = YES;
				SDKROOT = iphoneos;
				SWIFT_OPTIMIZATION_LEVEL = "-Onone";
			};
			name = Debug;
		};
		9226AF4C19D4EF460056C5BA /* Release */ = {
			isa = XCBuildConfiguration;
			buildSettings = {
				ALWAYS_SEARCH_USER_PATHS = NO;
				CLANG_CXX_LANGUAGE_STANDARD = "gnu++0x";
				CLANG_CXX_LIBRARY = "libc++";
				CLANG_ENABLE_MODULES = YES;
				CLANG_ENABLE_OBJC_ARC = YES;
				CLANG_WARN_BOOL_CONVERSION = YES;
				CLANG_WARN_CONSTANT_CONVERSION = YES;
				CLANG_WARN_DIRECT_OBJC_ISA_USAGE = YES_ERROR;
				CLANG_WARN_EMPTY_BODY = YES;
				CLANG_WARN_ENUM_CONVERSION = YES;
				CLANG_WARN_INT_CONVERSION = YES;
				CLANG_WARN_OBJC_ROOT_CLASS = YES_ERROR;
				CLANG_WARN_UNREACHABLE_CODE = YES;
				CLANG_WARN__DUPLICATE_METHOD_MATCH = YES;
				"CODE_SIGN_IDENTITY[sdk=iphoneos*]" = "iPhone Developer";
				COPY_PHASE_STRIP = YES;
				ENABLE_NS_ASSERTIONS = NO;
				ENABLE_STRICT_OBJC_MSGSEND = YES;
				GCC_C_LANGUAGE_STANDARD = gnu99;
				GCC_WARN_64_TO_32_BIT_CONVERSION = YES;
				GCC_WARN_ABOUT_RETURN_TYPE = YES_ERROR;
				GCC_WARN_UNDECLARED_SELECTOR = YES;
				GCC_WARN_UNINITIALIZED_AUTOS = YES_AGGRESSIVE;
				GCC_WARN_UNUSED_FUNCTION = YES;
				GCC_WARN_UNUSED_VARIABLE = YES;
				IPHONEOS_DEPLOYMENT_TARGET = 8.0;
				MTL_ENABLE_DEBUG_INFO = NO;
				SDKROOT = iphoneos;
				VALIDATE_PRODUCT = YES;
			};
			name = Release;
		};
		9226AF4E19D4EF460056C5BA /* Debug */ = {
			isa = XCBuildConfiguration;
			buildSettings = {
				ASSETCATALOG_COMPILER_APPICON_NAME = AppIcon;
				CODE_SIGN_IDENTITY = "iPhone Developer";
				"CODE_SIGN_IDENTITY[sdk=iphoneos*]" = "iPhone Developer";
				INFOPLIST_FILE = Postcard/Info.plist;
				LD_RUNPATH_SEARCH_PATHS = "$(inherited) @executable_path/Frameworks";
				PRODUCT_NAME = "$(TARGET_NAME)";
				PROVISIONING_PROFILE = "";
			};
			name = Debug;
		};
		9226AF4F19D4EF460056C5BA /* Release */ = {
			isa = XCBuildConfiguration;
			buildSettings = {
				ASSETCATALOG_COMPILER_APPICON_NAME = AppIcon;
				CODE_SIGN_IDENTITY = "iPhone Developer";
				"CODE_SIGN_IDENTITY[sdk=iphoneos*]" = "iPhone Developer";
				INFOPLIST_FILE = Postcard/Info.plist;
				LD_RUNPATH_SEARCH_PATHS = "$(inherited) @executable_path/Frameworks";
				PRODUCT_NAME = "$(TARGET_NAME)";
				PROVISIONING_PROFILE = "";
			};
			name = Release;
		};
		9226AF5119D4EF460056C5BA /* Debug */ = {
			isa = XCBuildConfiguration;
			buildSettings = {
				BUNDLE_LOADER = "$(TEST_HOST)";
				FRAMEWORK_SEARCH_PATHS = (
					"$(SDKROOT)/Developer/Library/Frameworks",
					"$(inherited)",
				);
				GCC_PREPROCESSOR_DEFINITIONS = (
					"DEBUG=1",
					"$(inherited)",
				);
				INFOPLIST_FILE = PostcardTests/Info.plist;
				LD_RUNPATH_SEARCH_PATHS = "$(inherited) @executable_path/Frameworks @loader_path/Frameworks";
				PRODUCT_NAME = "$(TARGET_NAME)";
				TEST_HOST = "$(BUILT_PRODUCTS_DIR)/Postcard.app/Postcard";
			};
			name = Debug;
		};
		9226AF5219D4EF460056C5BA /* Release */ = {
			isa = XCBuildConfiguration;
			buildSettings = {
				BUNDLE_LOADER = "$(TEST_HOST)";
				FRAMEWORK_SEARCH_PATHS = (
					"$(SDKROOT)/Developer/Library/Frameworks",
					"$(inherited)",
				);
				INFOPLIST_FILE = PostcardTests/Info.plist;
				LD_RUNPATH_SEARCH_PATHS = "$(inherited) @executable_path/Frameworks @loader_path/Frameworks";
				PRODUCT_NAME = "$(TARGET_NAME)";
				TEST_HOST = "$(BUILT_PRODUCTS_DIR)/Postcard.app/Postcard";
			};
			name = Release;
		};
/* End XCBuildConfiguration section */

/* Begin XCConfigurationList section */
		9226AF2919D4EF460056C5BA /* Build configuration list for PBXProject "Postcard" */ = {
			isa = XCConfigurationList;
			buildConfigurations = (
				9226AF4B19D4EF460056C5BA /* Debug */,
				9226AF4C19D4EF460056C5BA /* Release */,
			);
			defaultConfigurationIsVisible = 0;
			defaultConfigurationName = Release;
		};
		9226AF4D19D4EF460056C5BA /* Build configuration list for PBXNativeTarget "Postcard" */ = {
			isa = XCConfigurationList;
			buildConfigurations = (
				9226AF4E19D4EF460056C5BA /* Debug */,
				9226AF4F19D4EF460056C5BA /* Release */,
			);
			defaultConfigurationIsVisible = 0;
		};
		9226AF5019D4EF460056C5BA /* Build configuration list for PBXNativeTarget "PostcardTests" */ = {
			isa = XCConfigurationList;
			buildConfigurations = (
				9226AF5119D4EF460056C5BA /* Debug */,
				9226AF5219D4EF460056C5BA /* Release */,
			);
			defaultConfigurationIsVisible = 0;
		};
/* End XCConfigurationList section */
	};
	rootObject = 9226AF2619D4EF460056C5BA /* Project object */;
}
